
Microsoft Visual Studio Solution File, Format Version 12.00
# Visual Studio Version 17
VisualStudioVersion = 17.0.31903.59
MinimumVisualStudioVersion = 10.0.40219.1
Project("{FAE04EC0-301F-11D3-BF4B-00C04F79EFBC}") = "Stackup.Api", "Stackup.Api\Stackup.Api.csproj", "{B3DEFB97-519E-45A7-A41D-89A4D064C92D}"
EndProject
Global
	GlobalSection(SolutionConfigurationPlatforms) = preSolution
		Debug|Any CPU = Debug|Any CPU
		Release|Any CPU = Release|Any CPU
	EndGlobalSection
	GlobalSection(SolutionProperties) = preSolution
		HideSolutionNode = FALSE
	EndGlobalSection
	GlobalSection(ProjectConfigurationPlatforms) = postSolution
		{B3DEFB97-519E-45A7-A41D-89A4D064C92D}.Debug|Any CPU.ActiveCfg = Debug|Any CPU
		{B3DEFB97-519E-45A7-A41D-89A4D064C92D}.Debug|Any CPU.Build.0 = Debug|Any CPU
		{B3DEFB97-519E-45A7-A41D-89A4D064C92D}.Release|Any CPU.ActiveCfg = Release|Any CPU
		{B3DEFB97-519E-45A7-A41D-89A4D064C92D}.Release|Any CPU.Build.0 = Release|Any CPU
	EndGlobalSection
EndGlobal
